<Solution>
  <Project Path="Src/BFForever/BFForever.csproj" />
  <Project Path="Src/Celt2Wav/Celt2Wav.csproj" />
  <Project Path="Src/Rif2Mid/Rif2Mid.csproj" />
  <Project Path="Src/RiffExplorer/RiffExplorer.csproj" />
  <Project Path="Src/SongFuse/SongFuse.csproj" />
  <Project Path="Src/SongFuseCLI/SongFuseCLI.csproj" />
  <Project Path="Test/BFForever.Tests/BFForever.Tests.csproj" />
</Solution>
