
Microsoft Visual Studio Solution File, Format Version 12.00
# Visual Studio 15
VisualStudioVersion = 15.0.27004.2006
MinimumVisualStudioVersion = 10.0.40219.1
Project("{FAE04EC0-301F-11D3-BF4B-00C04F79EFBC}") = "BFForever", "BFForever\BFForever.csproj", "{835AB612-BE76-4FEA-8E10-8775FD7157D6}"
EndProject
Project("{FAE04EC0-301F-11D3-BF4B-00C04F79EFBC}") = "SongFuseCLI", "SongFuseCLI\SongFuseCLI.csproj", "{AC588F51-3F29-4048-AA97-D5697AC19E51}"
EndProject
Project("{FAE04EC0-301F-11D3-BF4B-00C04F79EFBC}") = "Celt2Wav", "Celt2Wav\Celt2Wav.csproj", "{FC212E7E-52EA-4B8E-B429-32ACC180EC5E}"
EndProject
Project("{FAE04EC0-301F-11D3-BF4B-00C04F79EFBC}") = "RiffExplorer", "RiffExplorer\RiffExplorer.csproj", "{D6B53786-A717-468D-8102-B1E5C8319962}"
EndProject
Project("{FAE04EC0-301F-11D3-BF4B-00C04F79EFBC}") = "BFForever.Tests", "BFForever.Tests\BFForever.Tests.csproj", "{2E42BAA6-1BB9-48E5-B243-9A3C7DC9E750}"
EndProject
Project("{FAE04EC0-301F-11D3-BF4B-00C04F79EFBC}") = "SongFuse", "SongFuse\SongFuse.csproj", "{C92907BA-51F9-475F-9F82-7DA9F19DACD2}"
EndProject
Global
	GlobalSection(SolutionConfigurationPlatforms) = preSolution
		Debug|Any CPU = Debug|Any CPU
		Release|Any CPU = Release|Any CPU
	EndGlobalSection
	GlobalSection(ProjectConfigurationPlatforms) = postSolution
		{835AB612-BE76-4FEA-8E10-8775FD7157D6}.Debug|Any CPU.ActiveCfg = Debug|Any CPU
		{835AB612-BE76-4FEA-8E10-8775FD7157D6}.Debug|Any CPU.Build.0 = Debug|Any CPU
		{835AB612-BE76-4FEA-8E10-8775FD7157D6}.Release|Any CPU.ActiveCfg = Release|Any CPU
		{835AB612-BE76-4FEA-8E10-8775FD7157D6}.Release|Any CPU.Build.0 = Release|Any CPU
		{AC588F51-3F29-4048-AA97-D5697AC19E51}.Debug|Any CPU.ActiveCfg = Debug|Any CPU
		{AC588F51-3F29-4048-AA97-D5697AC19E51}.Debug|Any CPU.Build.0 = Debug|Any CPU
		{AC588F51-3F29-4048-AA97-D5697AC19E51}.Release|Any CPU.ActiveCfg = Release|Any CPU
		{AC588F51-3F29-4048-AA97-D5697AC19E51}.Release|Any CPU.Build.0 = Release|Any CPU
		{FC212E7E-52EA-4B8E-B429-32ACC180EC5E}.Debug|Any CPU.ActiveCfg = Debug|Any CPU
		{FC212E7E-52EA-4B8E-B429-32ACC180EC5E}.Debug|Any CPU.Build.0 = Debug|Any CPU
		{FC212E7E-52EA-4B8E-B429-32ACC180EC5E}.Release|Any CPU.ActiveCfg = Release|Any CPU
		{FC212E7E-52EA-4B8E-B429-32ACC180EC5E}.Release|Any CPU.Build.0 = Release|Any CPU
		{D6B53786-A717-468D-8102-B1E5C8319962}.Debug|Any CPU.ActiveCfg = Debug|Any CPU
		{D6B53786-A717-468D-8102-B1E5C8319962}.Debug|Any CPU.Build.0 = Debug|Any CPU
		{D6B53786-A717-468D-8102-B1E5C8319962}.Release|Any CPU.ActiveCfg = Release|Any CPU
		{D6B53786-A717-468D-8102-B1E5C8319962}.Release|Any CPU.Build.0 = Release|Any CPU
		{2E42BAA6-1BB9-48E5-B243-9A3C7DC9E750}.Debug|Any CPU.ActiveCfg = Debug|Any CPU
		{2E42BAA6-1BB9-48E5-B243-9A3C7DC9E750}.Debug|Any CPU.Build.0 = Debug|Any CPU
		{2E42BAA6-1BB9-48E5-B243-9A3C7DC9E750}.Release|Any CPU.ActiveCfg = Release|Any CPU
		{2E42BAA6-1BB9-48E5-B243-9A3C7DC9E750}.Release|Any CPU.Build.0 = Release|Any CPU
		{C92907BA-51F9-475F-9F82-7DA9F19DACD2}.Debug|Any CPU.ActiveCfg = Debug|Any CPU
		{C92907BA-51F9-475F-9F82-7DA9F19DACD2}.Debug|Any CPU.Build.0 = Debug|Any CPU
		{C92907BA-51F9-475F-9F82-7DA9F19DACD2}.Release|Any CPU.ActiveCfg = Release|Any CPU
		{C92907BA-51F9-475F-9F82-7DA9F19DACD2}.Release|Any CPU.Build.0 = Release|Any CPU
	EndGlobalSection
	GlobalSection(SolutionProperties) = preSolution
		HideSolutionNode = FALSE
	EndGlobalSection
	GlobalSection(ExtensibilityGlobals) = postSolution
		SolutionGuid = {97555467-FB68-4E42-B267-D311232A416A}
	EndGlobalSection
EndGlobal
